{
  "name": "electron-react-boilerplate",
  "version": "1.0.0",
  "lockfileVersion": 1,
  "requires": true,
  "dependencies": {
    "iconv": {
      "version": "2.3.0",
      "resolved": "https://registry.npmjs.org/iconv/-/iconv-2.3.0.tgz",
      "integrity": "sha512-eu9senpOZ7wzNweLX09jtrCdmEiie8Z5/iMxdIq3i7tkgg562EwKSU9yjXMz8ncaQ0B+845vbqAz+1kPFXzbtQ==",
      "requires": {
        "nan": "2.9.2"
      }
    },
    "lodash": {
      "version": "3.8.0",
      "resolved": "https://registry.npmjs.org/lodash/-/lodash-3.8.0.tgz",
      "integrity": "sha1-N265i9zZOCqTZcM8TLglDeEyW5E="
    },
    "nan": {
      "version": "2.9.2",
      "resolved": "https://registry.npmjs.org/nan/-/nan-2.9.2.tgz",
      "integrity": "sha512-ltW65co7f3PQWBDbqVvaU1WtFJUsNW7sWWm4HINhbMQIyVyzIeyZ8toX5TC5eeooE6piZoaEh4cZkueSKG3KYw=="
    },
    "ncp": {
      "version": "2.0.0",
      "resolved": "https://registry.npmjs.org/ncp/-/ncp-2.0.0.tgz",
      "integrity": "sha1-GVoh1sRuNh0vsSgbo4uR6d9727M="
    },
    "pdffiller": {
      "version": "0.0.10",
      "resolved": "https://registry.npmjs.org/pdffiller/-/pdffiller-0.0.10.tgz",
      "integrity": "sha1-FQwD0gvoNQ/SGrkD5Ps0BCbicLU=",
      "requires": {
        "lodash": "3.8.0",
        "utf8-fdf-generator": "0.0.3"
      }
    },
    "utf8-fdf-generator": {
      "version": "0.0.3",
      "resolved": "https://registry.npmjs.org/utf8-fdf-generator/-/utf8-fdf-generator-0.0.3.tgz",
      "integrity": "sha1-OX6PeUDCdtDj1DXsJ7F9Olfo+c4=",
      "requires": {
        "iconv": "2.3.0"
      }
    }
  }
}
